// !$*UTF8*$!
{
	archiveVersion = 1;
	classes = {
	};
	objectVersion = 50;
	objects = {

/* Begin PBXBuildFile section */
		42EDC4D42452DF5F00FD13D2 /* AppDelegate.swift in Sources */ = {isa = PBXBuildFile; fileRef = 42EDC4D32452DF5F00FD13D2 /* AppDelegate.swift */; };
		42EDC4D62452DF5F00FD13D2 /* SceneDelegate.swift in Sources */ = {isa = PBXBuildFile; fileRef = 42EDC4D52452DF5F00FD13D2 /* SceneDelegate.swift */; };
		42EDC4D82452DF5F00FD13D2 /* ViewController.swift in Sources */ = {isa = PBXBuildFile; fileRef = 42EDC4D72452DF5F00FD13D2 /* ViewController.swift */; };
		42EDC4DB2452DF5F00FD13D2 /* Main.storyboard in Resources */ = {isa = PBXBuildFile; fileRef = 42EDC4D92452DF5F00FD13D2 /* Main.storyboard */; };
		42EDC4DD2452DF6100FD13D2 /* Assets.xcassets in Resources */ = {isa = PBXBuildFile; fileRef = 42EDC4DC2452DF6100FD13D2 /* Assets.xcassets */; };
		42EDC4E02452DF6100FD13D2 /* LaunchScreen.storyboard in Resources */ = {isa = PBXBuildFile; fileRef = 42EDC4DE2452DF6100FD13D2 /* LaunchScreen.storyboard */; };
/* End PBXBuildFile section */

/* Begin PBXFileReference section */
		42EDC4D02452DF5F00FD13D2 /* pedometerApp.app */ = {isa = PBXFileReference; explicitFileType = wrapper.application; includeInIndex = 0; path = pedometerApp.app; sourceTree = BUILT_PRODUCTS_DIR; };
		42EDC4D32452DF5F00FD13D2 /* AppDelegate.swift */ = {isa = PBXFileReference; lastKnownFileType = sourcecode.swift; path = AppDelegate.swift; sourceTree = "<group>"; };
		42EDC4D52452DF5F00FD13D2 /* SceneDelegate.swift */ = {isa = PBXFileReference; lastKnownFileType = sourcecode.swift; path = SceneDelegate.swift; sourceTree = "<group>"; };
		42EDC4D72452DF5F00FD13D2 /* ViewController.swift */ = {isa = PBXFileReference; lastKnownFileType = sourcecode.swift; path = ViewController.swift; sourceTree = "<group>"; };
		42EDC4DA2452DF5F00FD13D2 /* Base */ = {isa = PBXFileReference; lastKnownFileType = file.storyboard; name = Base; path = Base.lproj/Main.storyboard; sourceTree = "<group>"; };
		42EDC4DC2452DF6100FD13D2 /* Assets.xcassets */ = {isa = PBXFileReference; lastKnownFileType = folder.assetcatalog; path = Assets.xcassets; sourceTree = "<group>"; };
		42EDC4DF2452DF6100FD13D2 /* Base */ = {isa = PBXFileReference; lastKnownFileType = file.storyboard; name = Base; path = Base.lproj/LaunchScreen.storyboard; sourceTree = "<group>"; };
		42EDC4E12452DF6100FD13D2 /* Info.plist */ = {isa = PBXFileReference; lastKnownFileType = text.plist.xml; path = Info.plist; sourceTree = "<group>"; };
/* End PBXFileReference section */

/* Begin PBXFrameworksBuildPhase section */
		42EDC4CD2452DF5F00FD13D2 /* Frameworks */ = {
			isa = PBXFrameworksBuildPhase;
			buildActionMask = 2147483647;
			files = (
			);
			runOnlyForDeploymentPostprocessing = 0;
		};
/* End PBXFrameworksBuildPhase section */

/* Begin PBXGroup section */
		42EDC4C72452DF5F00FD13D2 = {
			isa = PBXGroup;
			children = (
				42EDC4D22452DF5F00FD13D2 /* pedometerApp */,
				42EDC4D12452DF5F00FD13D2 /* Products */,
			);
			sourceTree = "<group>";
		};
		42EDC4D12452DF5F00FD13D2 /* Products */ = {
			isa = PBXGroup;
			children = (
				42EDC4D02452DF5F00FD13D2 /* pedometerApp.app */,
			);
			name = Products;
			sourceTree = "<group>";
		};
		42EDC4D22452DF5F00FD13D2 /* pedometerApp */ = {
			isa = PBXGroup;
			children = (
				42EDC4D32452DF5F00FD13D2 /* AppDelegate.swift */,
				42EDC4D52452DF5F00FD13D2 /* SceneDelegate.swift */,
				42EDC4D72452DF5F00FD13D2 /* ViewController.swift */,
				42EDC4D92452DF5F00FD13D2 /* Main.storyboard */,
				42EDC4DC2452DF6100FD13D2 /* Assets.xcassets */,
				42EDC4DE2452DF6100FD13D2 /* LaunchScreen.storyboard */,
				42EDC4E12452DF6100FD13D2 /* Info.plist */,
			);
			path = pedometerApp;
			sourceTree = "<group>";
		};
/* End PBXGroup section */

/* Begin PBXNativeTarget section */
		42EDC4CF2452DF5F00FD13D2 /* pedometerApp */ = {
			isa = PBXNativeTarget;
			buildConfigurationList = 42EDC4E42452DF6100FD13D2 /* Build configuration list for PBXNativeTarget "pedometerApp" */;
			buildPhases = (
				42EDC4CC2452DF5F00FD13D2 /* Sources */,
				42EDC4CD2452DF5F00FD13D2 /* Frameworks */,
				42EDC4CE2452DF5F00FD13D2 /* Resources */,
			);
			buildRules = (
			);
			dependencies = (
			);
			name = pedometerApp;
			productName = pedometerApp;
			productReference = 42EDC4D02452DF5F00FD13D2 /* pedometerApp.app */;
			productType = "com.apple.product-type.application";
		};
/* End PBXNativeTarget section */

/* Begin PBXProject section */
		42EDC4C82452DF5F00FD13D2 /* Project object */ = {
			isa = PBXProject;
			attributes = {
				LastSwiftUpdateCheck = 1130;
				LastUpgradeCheck = 1130;
				ORGANIZATIONNAME = "Yewon Seo";
				TargetAttributes = {
					42EDC4CF2452DF5F00FD13D2 = {
						CreatedOnToolsVersion = 11.3.1;
					};
				};
			};
			buildConfigurationList = 42EDC4CB2452DF5F00FD13D2 /* Build configuration list for PBXProject "pedometerApp" */;
			compatibilityVersion = "Xcode 9.3";
			developmentRegion = en;
			hasScannedForEncodings = 0;
			knownRegions = (
				en,
				Base,
			);
			mainGroup = 42EDC4C72452DF5F00FD13D2;
			productRefGroup = 42EDC4D12452DF5F00FD13D2 /* Products */;
			projectDirPath = "";
			projectRoot = "";
			targets = (
				42EDC4CF2452DF5F00FD13D2 /* pedometerApp */,
			);
		};
/* End PBXProject section */

/* Begin PBXResourcesBuildPhase section */
		42EDC4CE2452DF5F00FD13D2 /* Resources */ = {
			isa = PBXResourcesBuildPhase;
			buildActionMask = 2147483647;
			files = (
				42EDC4E02452DF6100FD13D2 /* LaunchScreen.storyboard in Resources */,
				42EDC4DD2452DF6100FD13D2 /* Assets.xcassets in Resources */,
				42EDC4DB2452DF5F00FD13D2 /* Main.storyboard in Resources */,
			);
			runOnlyForDeploymentPostprocessing = 0;
		};
/* End PBXResourcesBuildPhase section */

/* Begin PBXSourcesBuildPhase section */
		42EDC4CC2452DF5F00FD13D2 /* Sources */ = {
			isa = PBXSourcesBuildPhase;
			buildActionMask = 2147483647;
			files = (
				42EDC4D82452DF5F00FD13D2 /* ViewController.swift in Sources */,
				42EDC4D42452DF5F00FD13D2 /* AppDelegate.swift in Sources */,
				42EDC4D62452DF5F00FD13D2 /* SceneDelegate.swift in Sources */,
			);
			runOnlyForDeploymentPostprocessing = 0;
		};
/* End PBXSourcesBuildPhase section */

/* Begin PBXVariantGroup section */
		42EDC4D92452DF5F00FD13D2 /* Main.storyboard */ = {
			isa = PBXVariantGroup;
			children = (
				42EDC4DA2452DF5F00FD13D2 /* Base */,
			);
			name = Main.storyboard;
			sourceTree = "<group>";
		};
		42EDC4DE2452DF6100FD13D2 /* LaunchScreen.storyboard */ = {
			isa = PBXVariantGroup;
			children = (
				42EDC4DF2452DF6100FD13D2 /* Base */,
			);
			name = LaunchScreen.storyboard;
			sourceTree = "<group>";
		};
/* End PBXVariantGroup section */

/* Begin XCBuildConfiguration section */
		42EDC4E22452DF6100FD13D2 /* Debug */ = {
			isa = XCBuildConfiguration;
			buildSettings = {
				ALWAYS_SEARCH_USER_PATHS = NO;
				CLANG_ANALYZER_NONNULL = YES;
				CLANG_ANALYZER_NUMBER_OBJECT_CONVERSION = YES_AGGRESSIVE;
				CLANG_CXX_LANGUAGE_STANDARD = "gnu++14";
				CLANG_CXX_LIBRARY = "libc++";
				CLANG_ENABLE_MODULES = YES;
				CLANG_ENABLE_OBJC_ARC = YES;
				CLANG_ENABLE_OBJC_WEAK = YES;
				CLANG_WARN_BLOCK_CAPTURE_AUTORELEASING = YES;
				CLANG_WARN_BOOL_CONVERSION = YES;
				CLANG_WARN_COMMA = YES;
				CLANG_WARN_CONSTANT_CONVERSION = YES;
				CLANG_WARN_DEPRECATED_OBJC_IMPLEMENTATIONS = YES;
				CLANG_WARN_DIRECT_OBJC_ISA_USAGE = YES_ERROR;
				CLANG_WARN_DOCUMENTATION_COMMENTS = YES;
				CLANG_WARN_EMPTY_BODY = YES;
				CLANG_WARN_ENUM_CONVERSION = YES;
				CLANG_WARN_INFINITE_RECURSION = YES;
				CLANG_WARN_INT_CONVERSION = YES;
				CLANG_WARN_NON_LITERAL_NULL_CONVERSION = YES;
				CLANG_WARN_OBJC_IMPLICIT_RETAIN_SELF = YES;
				CLANG_WARN_OBJC_LITERAL_CONVERSION = YES;
				CLANG_WARN_OBJC_ROOT_CLASS = YES_ERROR;
				CLANG_WARN_RANGE_LOOP_ANALYSIS = YES;
				CLANG_WARN_STRICT_PROTOTYPES = YES;
				CLANG_WARN_SUSPICIOUS_MOVE = YES;
				CLANG_WARN_UNGUARDED_AVAILABILITY = YES_AGGRESSIVE;
				CLANG_WARN_UNREACHABLE_CODE = YES;
				CLANG_WARN__DUPLICATE_METHOD_MATCH = YES;
				COPY_PHASE_STRIP = NO;
				DEBUG_INFORMATION_FORMAT = dwarf;
				ENABLE_STRICT_OBJC_MSGSEND = YES;
				ENABLE_TESTABILITY = YES;
				GCC_C_LANGUAGE_STANDARD = gnu11;
				GCC_DYNAMIC_NO_PIC = NO;
				GCC_NO_COMMON_BLOCKS = YES;
				GCC_OPTIMIZATION_LEVEL = 0;
				GCC_PREPROCESSOR_DEFINITIONS = (
					"DEBUG=1",
					"$(inherited)",
				);
				GCC_WARN_64_TO_32_BIT_CONVERSION = YES;
				GCC_WARN_ABOUT_RETURN_TYPE = YES_ERROR;
				GCC_WARN_UNDECLARED_SELECTOR = YES;
				GCC_WARN_UNINITIALIZED_AUTOS = YES_AGGRESSIVE;
				GCC_WARN_UNUSED_FUNCTION = YES;
				GCC_WARN_UNUSED_VARIABLE = YES;
				IPHONEOS_DEPLOYMENT_TARGET = 13.2;
				MTL_ENABLE_DEBUG_INFO = INCLUDE_SOURCE;
				MTL_FAST_MATH = YES;
				ONLY_ACTIVE_ARCH = YES;
				SDKROOT = iphoneos;
				SWIFT_ACTIVE_COMPILATION_CONDITIONS = DEBUG;
				SWIFT_OPTIMIZATION_LEVEL = "-Onone";
			};
			name = Debug;
		};
		42EDC4E32452DF6100FD13D2 /* Release */ = {
			isa = XCBuildConfiguration;
			buildSettings = {
				ALWAYS_SEARCH_USER_PATHS = NO;
				CLANG_ANALYZER_NONNULL = YES;
				CLANG_ANALYZER_NUMBER_OBJECT_CONVERSION = YES_AGGRESSIVE;
				CLANG_CXX_LANGUAGE_STANDARD = "gnu++14";
				CLANG_CXX_LIBRARY = "libc++";
				CLANG_ENABLE_MODULES = YES;
				CLANG_ENABLE_OBJC_ARC = YES;
				CLANG_ENABLE_OBJC_WEAK = YES;
				CLANG_WARN_BLOCK_CAPTURE_AUTORELEASING = YES;
				CLANG_WARN_BOOL_CONVERSION = YES;
				CLANG_WARN_COMMA = YES;
				CLANG_WARN_CONSTANT_CONVERSION = YES;
				CLANG_WARN_DEPRECATED_OBJC_IMPLEMENTATIONS = YES;
				CLANG_WARN_DIRECT_OBJC_ISA_USAGE = YES_ERROR;
				CLANG_WARN_DOCUMENTATION_COMMENTS = YES;
				CLANG_WARN_EMPTY_BODY = YES;
				CLANG_WARN_ENUM_CONVERSION = YES;
				CLANG_WARN_INFINITE_RECURSION = YES;
				CLANG_WARN_INT_CONVERSION = YES;
				CLANG_WARN_NON_LITERAL_NULL_CONVERSION = YES;
				CLANG_WARN_OBJC_IMPLICIT_RETAIN_SELF = YES;
				CLANG_WARN_OBJC_LITERAL_CONVERSION = YES;
				CLANG_WARN_OBJC_ROOT_CLASS = YES_ERROR;
				CLANG_WARN_RANGE_LOOP_ANALYSIS = YES;
				CLANG_WARN_STRICT_PROTOTYPES = YES;
				CLANG_WARN_SUSPICIOUS_MOVE = YES;
				CLANG_WARN_UNGUARDED_AVAILABILITY = YES_AGGRESSIVE;
				CLANG_WARN_UNREACHABLE_CODE = YES;
				CLANG_WARN__DUPLICATE_METHOD_MATCH = YES;
				COPY_PHASE_STRIP = NO;
				DEBUG_INFORMATION_FORMAT = "dwarf-with-dsym";
				ENABLE_NS_ASSERTIONS = NO;
				ENABLE_STRICT_OBJC_MSGSEND = YES;
				GCC_C_LANGUAGE_STANDARD = gnu11;
				GCC_NO_COMMON_BLOCKS = YES;
				GCC_WARN_64_TO_32_BIT_CONVERSION = YES;
				GCC_WARN_ABOUT_RETURN_TYPE = YES_ERROR;
				GCC_WARN_UNDECLARED_SELECTOR = YES;
				GCC_WARN_UNINITIALIZED_AUTOS = YES_AGGRESSIVE;
				GCC_WARN_UNUSED_FUNCTION = YES;
				GCC_WARN_UNUSED_VARIABLE = YES;
				IPHONEOS_DEPLOYMENT_TARGET = 13.2;
				MTL_ENABLE_DEBUG_INFO = NO;
				MTL_FAST_MATH = YES;
				SDKROOT = iphoneos;
				SWIFT_COMPILATION_MODE = wholemodule;
				SWIFT_OPTIMIZATION_LEVEL = "-O";
				VALIDATE_PRODUCT = YES;
			};
			name = Release;
		};
		42EDC4E52452DF6100FD13D2 /* Debug */ = {
			isa = XCBuildConfiguration;
			buildSettings = {
				ASSETCATALOG_COMPILER_APPICON_NAME = AppIcon;
				CODE_SIGN_STYLE = Automatic;
				DEVELOPMENT_TEAM = 83PM45WAL3;
				INFOPLIST_FILE = pedometerApp/Info.plist;
				LD_RUNPATH_SEARCH_PATHS = (
					"$(inherited)",
					"@executable_path/Frameworks",
				);
				PRODUCT_BUNDLE_IDENTIFIER = YewonS.pedometerApp;
				PRODUCT_NAME = "$(TARGET_NAME)";
				SWIFT_VERSION = 5.0;
				TARGETED_DEVICE_FAMILY = "1,2";
			};
			name = Debug;
		};
		42EDC4E62452DF6100FD13D2 /* Release */ = {
			isa = XCBuildConfiguration;
			buildSettings = {
				ASSETCATALOG_COMPILER_APPICON_NAME = AppIcon;
				CODE_SIGN_STYLE = Automatic;
				DEVELOPMENT_TEAM = 83PM45WAL3;
				INFOPLIST_FILE = pedometerApp/Info.plist;
				LD_RUNPATH_SEARCH_PATHS = (
					"$(inherited)",
					"@executable_path/Frameworks",
				);
				PRODUCT_BUNDLE_IDENTIFIER = YewonS.pedometerApp;
				PRODUCT_NAME = "$(TARGET_NAME)";
				SWIFT_VERSION = 5.0;
				TARGETED_DEVICE_FAMILY = "1,2";
			};
			name = Release;
		};
/* End XCBuildConfiguration section */

/* Begin XCConfigurationList section */
		42EDC4CB2452DF5F00FD13D2 /* Build configuration list for PBXProject "pedometerApp" */ = {
			isa = XCConfigurationList;
			buildConfigurations = (
				42EDC4E22452DF6100FD13D2 /* Debug */,
				42EDC4E32452DF6100FD13D2 /* Release */,
			);
			defaultConfigurationIsVisible = 0;
			defaultConfigurationName = Release;
		};
		42EDC4E42452DF6100FD13D2 /* Build configuration list for PBXNativeTarget "pedometerApp" */ = {
			isa = XCConfigurationList;
			buildConfigurations = (
				42EDC4E52452DF6100FD13D2 /* Debug */,
				42EDC4E62452DF6100FD13D2 /* Release */,
			);
			defaultConfigurationIsVisible = 0;
			defaultConfigurationName = Release;
		};
/* End XCConfigurationList section */
	};
	rootObject = 42EDC4C82452DF5F00FD13D2 /* Project object */;
}
